// !$*UTF8*$!
{
	archiveVersion = 1;
	classes = {
	};
	objectVersion = 77;
	objects = {

/* Begin PBXContainerItemProxy section */
		791494C02D5168C20058AF27 /* PBXContainerItemProxy */ = {
			isa = PBXContainerItemProxy;
			containerPortal = 791494A32D5168C10058AF27 /* Project object */;
			proxyType = 1;
			remoteGlobalIDString = 791494AA2D5168C10058AF27;
			remoteInfo = wevebeenherebefore;
		};
		791494CA2D5168C20058AF27 /* PBXContainerItemProxy */ = {
			isa = PBXContainerItemProxy;
			containerPortal = 791494A32D5168C10058AF27 /* Project object */;
			proxyType = 1;
			remoteGlobalIDString = 791494AA2D5168C10058AF27;
			remoteInfo = wevebeenherebefore;
		};
/* End PBXContainerItemProxy section */

/* Begin PBXFileReference section */
		791494AB2D5168C10058AF27 /* wevebeenherebefore.app */ = {isa = PBXFileReference; explicitFileType = wrapper.application; includeInIndex = 0; path = wevebeenherebefore.app; sourceTree = BUILT_PRODUCTS_DIR; };
		791494BF2D5168C20058AF27 /* wevebeenherebeforeTests.xctest */ = {isa = PBXFileReference; explicitFileType = wrapper.cfbundle; includeInIndex = 0; path = wevebeenherebeforeTests.xctest; sourceTree = BUILT_PRODUCTS_DIR; };
		791494C92D5168C20058AF27 /* wevebeenherebeforeUITests.xctest */ = {isa = PBXFileReference; explicitFileType = wrapper.cfbundle; includeInIndex = 0; path = wevebeenherebeforeUITests.xctest; sourceTree = BUILT_PRODUCTS_DIR; };
/* End PBXFileReference section */

/* Begin PBXFileSystemSynchronizedBuildFileExceptionSet section */
		791494D12D5168C20058AF27 /* Exceptions for "wevebeenherebefore" folder in "wevebeenherebefore" target */ = {
			isa = PBXFileSystemSynchronizedBuildFileExceptionSet;
			membershipExceptions = (
				Info.plist,
			);
			target = 791494AA2D5168C10058AF27 /* wevebeenherebefore */;
		};
/* End PBXFileSystemSynchronizedBuildFileExceptionSet section */

/* Begin PBXFileSystemSynchronizedRootGroup section */
		791494AD2D5168C10058AF27 /* wevebeenherebefore */ = {
			isa = PBXFileSystemSynchronizedRootGroup;
			exceptions = (
				791494D12D5168C20058AF27 /* Exceptions for "wevebeenherebefore" folder in "wevebeenherebefore" target */,
			);
			path = wevebeenherebefore;
			sourceTree = "<group>";
		};
		791494C22D5168C20058AF27 /* wevebeenherebeforeTests */ = {
			isa = PBXFileSystemSynchronizedRootGroup;
			path = wevebeenherebeforeTests;
			sourceTree = "<group>";
		};
		791494CC2D5168C20058AF27 /* wevebeenherebeforeUITests */ = {
			isa = PBXFileSystemSynchronizedRootGroup;
			path = wevebeenherebeforeUITests;
			sourceTree = "<group>";
		};
/* End PBXFileSystemSynchronizedRootGroup section */

/* Begin PBXFrameworksBuildPhase section */
		791494A82D5168C10058AF27 /* Frameworks */ = {
			isa = PBXFrameworksBuildPhase;
			buildActionMask = 2147483647;
			files = (
			);
			runOnlyForDeploymentPostprocessing = 0;
		};
		791494BC2D5168C20058AF27 /* Frameworks */ = {
			isa = PBXFrameworksBuildPhase;
			buildActionMask = 2147483647;
			files = (
			);
			runOnlyForDeploymentPostprocessing = 0;
		};
		791494C62D5168C20058AF27 /* Frameworks */ = {
			isa = PBXFrameworksBuildPhase;
			buildActionMask = 2147483647;
			files = (
			);
			runOnlyForDeploymentPostprocessing = 0;
		};
/* End PBXFrameworksBuildPhase section */

/* Begin PBXGroup section */
		791494A22D5168C10058AF27 = {
			isa = PBXGroup;
			children = (
				791494AD2D5168C10058AF27 /* wevebeenherebefore */,
				791494C22D5168C20058AF27 /* wevebeenherebeforeTests */,
				791494CC2D5168C20058AF27 /* wevebeenherebeforeUITests */,
				791494AC2D5168C10058AF27 /* Products */,
			);
			sourceTree = "<group>";
		};
		791494AC2D5168C10058AF27 /* Products */ = {
			isa = PBXGroup;
			children = (
				791494AB2D5168C10058AF27 /* wevebeenherebefore.app */,
				791494BF2D5168C20058AF27 /* wevebeenherebeforeTests.xctest */,
				791494C92D5168C20058AF27 /* wevebeenherebeforeUITests.xctest */,
			);
			name = Products;
			sourceTree = "<group>";
		};
/* End PBXGroup section */

/* Begin PBXNativeTarget section */
		791494AA2D5168C10058AF27 /* wevebeenherebefore */ = {
			isa = PBXNativeTarget;
			buildConfigurationList = 791494D22D5168C20058AF27 /* Build configuration list for PBXNativeTarget "wevebeenherebefore" */;
			buildPhases = (
				791494A72D5168C10058AF27 /* Sources */,
				791494A82D5168C10058AF27 /* Frameworks */,
				791494A92D5168C10058AF27 /* Resources */,
			);
			buildRules = (
			);
			dependencies = (
			);
			fileSystemSynchronizedGroups = (
				791494AD2D5168C10058AF27 /* wevebeenherebefore */,
			);
			name = wevebeenherebefore;
			packageProductDependencies = (
			);
			productName = wevebeenherebefore;
			productReference = 791494AB2D5168C10058AF27 /* wevebeenherebefore.app */;
			productType = "com.apple.product-type.application";
		};
		791494BE2D5168C20058AF27 /* wevebeenherebeforeTests */ = {
			isa = PBXNativeTarget;
			buildConfigurationList = 791494D72D5168C20058AF27 /* Build configuration list for PBXNativeTarget "wevebeenherebeforeTests" */;
			buildPhases = (
				791494BB2D5168C20058AF27 /* Sources */,
				791494BC2D5168C20058AF27 /* Frameworks */,
				791494BD2D5168C20058AF27 /* Resources */,
			);
			buildRules = (
			);
			dependencies = (
				791494C12D5168C20058AF27 /* PBXTargetDependency */,
			);
			fileSystemSynchronizedGroups = (
				791494C22D5168C20058AF27 /* wevebeenherebeforeTests */,
			);
			name = wevebeenherebeforeTests;
			packageProductDependencies = (
			);
			productName = wevebeenherebeforeTests;
			productReference = 791494BF2D5168C20058AF27 /* wevebeenherebeforeTests.xctest */;
			productType = "com.apple.product-type.bundle.unit-test";
		};
		791494C82D5168C20058AF27 /* wevebeenherebeforeUITests */ = {
			isa = PBXNativeTarget;
			buildConfigurationList = 791494DA2D5168C20058AF27 /* Build configuration list for PBXNativeTarget "wevebeenherebeforeUITests" */;
			buildPhases = (
				791494C52D5168C20058AF27 /* Sources */,
				791494C62D5168C20058AF27 /* Frameworks */,
				791494C72D5168C20058AF27 /* Resources */,
			);
			buildRules = (
			);
			dependencies = (
				791494CB2D5168C20058AF27 /* PBXTargetDependency */,
			);
			fileSystemSynchronizedGroups = (
				791494CC2D5168C20058AF27 /* wevebeenherebeforeUITests */,
			);
			name = wevebeenherebeforeUITests;
			packageProductDependencies = (
			);
			productName = wevebeenherebeforeUITests;
			productReference = 791494C92D5168C20058AF27 /* wevebeenherebeforeUITests.xctest */;
			productType = "com.apple.product-type.bundle.ui-testing";
		};
/* End PBXNativeTarget section */

/* Begin PBXProject section */
		791494A32D5168C10058AF27 /* Project object */ = {
			isa = PBXProject;
			attributes = {
				BuildIndependentTargetsInParallel = 1;
				LastSwiftUpdateCheck = 1620;
				LastUpgradeCheck = 1630;
				TargetAttributes = {
					791494AA2D5168C10058AF27 = {
						CreatedOnToolsVersion = 16.2;
					};
					791494BE2D5168C20058AF27 = {
						CreatedOnToolsVersion = 16.2;
						TestTargetID = 791494AA2D5168C10058AF27;
					};
					791494C82D5168C20058AF27 = {
						CreatedOnToolsVersion = 16.2;
						TestTargetID = 791494AA2D5168C10058AF27;
					};
				};
			};
			buildConfigurationList = 791494A62D5168C10058AF27 /* Build configuration list for PBXProject "wevebeenherebefore" */;
			developmentRegion = en;
			hasScannedForEncodings = 0;
			knownRegions = (
				en,
				Base,
			);
			mainGroup = 791494A22D5168C10058AF27;
			minimizedProjectReferenceProxies = 1;
			preferredProjectObjectVersion = 77;
			productRefGroup = 791494AC2D5168C10058AF27 /* Products */;
			projectDirPath = "";
			projectRoot = "";
			targets = (
				791494AA2D5168C10058AF27 /* wevebeenherebefore */,
				791494BE2D5168C20058AF27 /* wevebeenherebeforeTests */,
				791494C82D5168C20058AF27 /* wevebeenherebeforeUITests */,
			);
		};
/* End PBXProject section */

/* Begin PBXResourcesBuildPhase section */
		791494A92D5168C10058AF27 /* Resources */ = {
			isa = PBXResourcesBuildPhase;
			buildActionMask = 2147483647;
			files = (
			);
			runOnlyForDeploymentPostprocessing = 0;
		};
		791494BD2D5168C20058AF27 /* Resources */ = {
			isa = PBXResourcesBuildPhase;
			buildActionMask = 2147483647;
			files = (
			);
			runOnlyForDeploymentPostprocessing = 0;
		};
		791494C72D5168C20058AF27 /* Resources */ = {
			isa = PBXResourcesBuildPhase;
			buildActionMask = 2147483647;
			files = (
			);
			runOnlyForDeploymentPostprocessing = 0;
		};
/* End PBXResourcesBuildPhase section */

/* Begin PBXSourcesBuildPhase section */
		791494A72D5168C10058AF27 /* Sources */ = {
			isa = PBXSourcesBuildPhase;
			buildActionMask = 2147483647;
			files = (
			);
			runOnlyForDeploymentPostprocessing = 0;
		};
		791494BB2D5168C20058AF27 /* Sources */ = {
			isa = PBXSourcesBuildPhase;
			buildActionMask = 2147483647;
			files = (
			);
			runOnlyForDeploymentPostprocessing = 0;
		};
		791494C52D5168C20058AF27 /* Sources */ = {
			isa = PBXSourcesBuildPhase;
			buildActionMask = 2147483647;
			files = (
			);
			runOnlyForDeploymentPostprocessing = 0;
		};
/* End PBXSourcesBuildPhase section */

/* Begin PBXTargetDependency section */
		791494C12D5168C20058AF27 /* PBXTargetDependency */ = {
			isa = PBXTargetDependency;
			target = 791494AA2D5168C10058AF27 /* wevebeenherebefore */;
			targetProxy = 791494C02D5168C20058AF27 /* PBXContainerItemProxy */;
		};
		791494CB2D5168C20058AF27 /* PBXTargetDependency */ = {
			isa = PBXTargetDependency;
			target = 791494AA2D5168C10058AF27 /* wevebeenherebefore */;
			targetProxy = 791494CA2D5168C20058AF27 /* PBXContainerItemProxy */;
		};
/* End PBXTargetDependency section */

/* Begin XCBuildConfiguration section */
		791494D32D5168C20058AF27 /* Debug */ = {
			isa = XCBuildConfiguration;
			buildSettings = {
				ASSETCATALOG_COMPILER_APPICON_NAME = AppIcon;
				ASSETCATALOG_COMPILER_GLOBAL_ACCENT_COLOR_NAME = AccentColor;
				CODE_SIGN_ENTITLEMENTS = wevebeenherebefore/wevebeenherebefore.entitlements;
				CODE_SIGN_STYLE = Automatic;
				CURRENT_PROJECT_VERSION = 1;
				DEVELOPMENT_ASSET_PATHS = "\"wevebeenherebefore/Preview Content\"";
				ENABLE_PREVIEWS = YES;
				GENERATE_INFOPLIST_FILE = YES;
				INFOPLIST_FILE = wevebeenherebefore/Info.plist;
				INFOPLIST_KEY_CFBundleDisplayName = "We've Been Here Before";
				INFOPLIST_KEY_LSApplicationCategoryType = "public.app-category.healthcare-fitness";
				INFOPLIST_KEY_UIApplicationSceneManifest_Generation = YES;
				INFOPLIST_KEY_UIApplicationSupportsIndirectInputEvents = YES;
				INFOPLIST_KEY_UILaunchScreen_Generation = YES;
				INFOPLIST_KEY_UISupportedInterfaceOrientations = "UIInterfaceOrientationLandscapeLeft UIInterfaceOrientationLandscapeRight UIInterfaceOrientationPortrait UIInterfaceOrientationPortraitUpsideDown";
				LD_RUNPATH_SEARCH_PATHS = (
					"$(inherited)",
					"@executable_path/Frameworks",
				);
				MARKETING_VERSION = 0.1;
				PRODUCT_BUNDLE_IDENTIFIER = wos.wevebeenherebefore;
				PRODUCT_NAME = "$(TARGET_NAME)";
				SWIFT_EMIT_LOC_STRINGS = YES;
				SWIFT_VERSION = 5.0;
				TARGETED_DEVICE_FAMILY = "1,2";
			};
			name = Debug;
		};
		791494D42D5168C20058AF27 /* Release */ = {
			isa = XCBuildConfiguration;
			buildSettings = {
				ASSETCATALOG_COMPILER_APPICON_NAME = AppIcon;
				ASSETCATALOG_COMPILER_GLOBAL_ACCENT_COLOR_NAME = AccentColor;
				CODE_SIGN_ENTITLEMENTS = wevebeenherebefore/wevebeenherebefore.entitlements;
				CODE_SIGN_STYLE = Automatic;
				CURRENT_PROJECT_VERSION = 1;
				DEVELOPMENT_ASSET_PATHS = "\"wevebeenherebefore/Preview Content\"";
				ENABLE_PREVIEWS = YES;
				GENERATE_INFOPLIST_FILE = YES;
				INFOPLIST_FILE = wevebeenherebefore/Info.plist;
				INFOPLIST_KEY_CFBundleDisplayName = "We've Been Here Before";
				INFOPLIST_KEY_LSApplicationCategoryType = "public.app-category.healthcare-fitness";
				INFOPLIST_KEY_UIApplicationSceneManifest_Generation = YES;
				INFOPLIST_KEY_UIApplicationSupportsIndirectInputEvents = YES;
				INFOPLIST_KEY_UILaunchScreen_Generation = YES;
				INFOPLIST_KEY_UISupportedInterfaceOrientations = "UIInterfaceOrientationLandscapeLeft UIInterfaceOrientationLandscapeRight UIInterfaceOrientationPortrait UIInterfaceOrientationPortraitUpsideDown";
				LD_RUNPATH_SEARCH_PATHS = (
					"$(inherited)",
					"@executable_path/Frameworks",
				);
				MARKETING_VERSION = 0.1;
				PRODUCT_BUNDLE_IDENTIFIER = wos.wevebeenherebefore;
				PRODUCT_NAME = "$(TARGET_NAME)";
				SWIFT_EMIT_LOC_STRINGS = YES;
				SWIFT_VERSION = 5.0;
				TARGETED_DEVICE_FAMILY = "1,2";
			};
			name = Release;
		};
		791494D52D5168C20058AF27 /* Debug */ = {
			isa = XCBuildConfiguration;
			buildSettings = {
				ALWAYS_SEARCH_USER_PATHS = NO;
				ASSETCATALOG_COMPILER_GENERATE_SWIFT_ASSET_SYMBOL_EXTENSIONS = YES;
				CLANG_ANALYZER_NONNULL = YES;
				CLANG_ANALYZER_NUMBER_OBJECT_CONVERSION = YES_AGGRESSIVE;
				CLANG_CXX_LANGUAGE_STANDARD = "gnu++20";
				CLANG_ENABLE_MODULES = YES;
				CLANG_ENABLE_OBJC_ARC = YES;
				CLANG_ENABLE_OBJC_WEAK = YES;
				CLANG_WARN_BLOCK_CAPTURE_AUTORELEASING = YES;
				CLANG_WARN_BOOL_CONVERSION = YES;
				CLANG_WARN_COMMA = YES;
				CLANG_WARN_CONSTANT_CONVERSION = YES;
				CLANG_WARN_DEPRECATED_OBJC_IMPLEMENTATIONS = YES;
				CLANG_WARN_DIRECT_OBJC_ISA_USAGE = YES_ERROR;
				CLANG_WARN_DOCUMENTATION_COMMENTS = YES;
				CLANG_WARN_EMPTY_BODY = YES;
				CLANG_WARN_ENUM_CONVERSION = YES;
				CLANG_WARN_INFINITE_RECURSION = YES;
				CLANG_WARN_INT_CONVERSION = YES;
				CLANG_WARN_NON_LITERAL_NULL_CONVERSION = YES;
				CLANG_WARN_OBJC_IMPLICIT_RETAIN_SELF = YES;
				CLANG_WARN_OBJC_LITERAL_CONVERSION = YES;
				CLANG_WARN_OBJC_ROOT_CLASS = YES_ERROR;
				CLANG_WARN_QUOTED_INCLUDE_IN_FRAMEWORK_HEADER = YES;
				CLANG_WARN_RANGE_LOOP_ANALYSIS = YES;
				CLANG_WARN_STRICT_PROTOTYPES = YES;
				CLANG_WARN_SUSPICIOUS_MOVE = YES;
				CLANG_WARN_UNGUARDED_AVAILABILITY = YES_AGGRESSIVE;
				CLANG_WARN_UNREACHABLE_CODE = YES;
				CLANG_WARN__DUPLICATE_METHOD_MATCH = YES;
				COPY_PHASE_STRIP = NO;
				DEBUG_INFORMATION_FORMAT = dwarf;
				DEVELOPMENT_TEAM = 457GMD88FR;
				ENABLE_STRICT_OBJC_MSGSEND = YES;
				ENABLE_TESTABILITY = YES;
				ENABLE_USER_SCRIPT_SANDBOXING = YES;
				GCC_C_LANGUAGE_STANDARD = gnu17;
				GCC_DYNAMIC_NO_PIC = NO;
				GCC_NO_COMMON_BLOCKS = YES;
				GCC_OPTIMIZATION_LEVEL = 0;
				GCC_PREPROCESSOR_DEFINITIONS = (
					"DEBUG=1",
					"$(inherited)",
				);
				GCC_WARN_64_TO_32_BIT_CONVERSION = YES;
				GCC_WARN_ABOUT_RETURN_TYPE = YES_ERROR;
				GCC_WARN_UNDECLARED_SELECTOR = YES;
				GCC_WARN_UNINITIALIZED_AUTOS = YES_AGGRESSIVE;
				GCC_WARN_UNUSED_FUNCTION = YES;
				GCC_WARN_UNUSED_VARIABLE = YES;
				IPHONEOS_DEPLOYMENT_TARGET = 18.2;
				LOCALIZATION_PREFERS_STRING_CATALOGS = YES;
				MTL_ENABLE_DEBUG_INFO = INCLUDE_SOURCE;
				MTL_FAST_MATH = YES;
				ONLY_ACTIVE_ARCH = YES;
				SDKROOT = iphoneos;
				SWIFT_ACTIVE_COMPILATION_CONDITIONS = "DEBUG $(inherited)";
				SWIFT_OPTIMIZATION_LEVEL = "-Onone";
			};
			name = Debug;
		};
		791494D62D5168C20058AF27 /* Release */ = {
			isa = XCBuildConfiguration;
			buildSettings = {
				ALWAYS_SEARCH_USER_PATHS = NO;
				ASSETCATALOG_COMPILER_GENERATE_SWIFT_ASSET_SYMBOL_EXTENSIONS = YES;
				CLANG_ANALYZER_NONNULL = YES;
				CLANG_ANALYZER_NUMBER_OBJECT_CONVERSION = YES_AGGRESSIVE;
				CLANG_CXX_LANGUAGE_STANDARD = "gnu++20";
				CLANG_ENABLE_MODULES = YES;
				CLANG_ENABLE_OBJC_ARC = YES;
				CLANG_ENABLE_OBJC_WEAK = YES;
				CLANG_WARN_BLOCK_CAPTURE_AUTORELEASING = YES;
				CLANG_WARN_BOOL_CONVERSION = YES;
				CLANG_WARN_COMMA = YES;
				CLANG_WARN_CONSTANT_CONVERSION = YES;
				CLANG_WARN_DEPRECATED_OBJC_IMPLEMENTATIONS = YES;
				CLANG_WARN_DIRECT_OBJC_ISA_USAGE = YES_ERROR;
				CLANG_WARN_DOCUMENTATION_COMMENTS = YES;
				CLANG_WARN_EMPTY_BODY = YES;
				CLANG_WARN_ENUM_CONVERSION = YES;
				CLANG_WARN_INFINITE_RECURSION = YES;
				CLANG_WARN_INT_CONVERSION = YES;
				CLANG_WARN_NON_LITERAL_NULL_CONVERSION = YES;
				CLANG_WARN_OBJC_IMPLICIT_RETAIN_SELF = YES;
				CLANG_WARN_OBJC_LITERAL_CONVERSION = YES;
				CLANG_WARN_OBJC_ROOT_CLASS = YES_ERROR;
				CLANG_WARN_QUOTED_INCLUDE_IN_FRAMEWORK_HEADER = YES;
				CLANG_WARN_RANGE_LOOP_ANALYSIS = YES;
				CLANG_WARN_STRICT_PROTOTYPES = YES;
				CLANG_WARN_SUSPICIOUS_MOVE = YES;
				CLANG_WARN_UNGUARDED_AVAILABILITY = YES_AGGRESSIVE;
				CLANG_WARN_UNREACHABLE_CODE = YES;
				CLANG_WARN__DUPLICATE_METHOD_MATCH = YES;
				COPY_PHASE_STRIP = NO;
				DEBUG_INFORMATION_FORMAT = "dwarf-with-dsym";
				DEVELOPMENT_TEAM = 457GMD88FR;
				ENABLE_NS_ASSERTIONS = NO;
				ENABLE_STRICT_OBJC_MSGSEND = YES;
				ENABLE_USER_SCRIPT_SANDBOXING = YES;
				GCC_C_LANGUAGE_STANDARD = gnu17;
				GCC_NO_COMMON_BLOCKS = YES;
				GCC_WARN_64_TO_32_BIT_CONVERSION = YES;
				GCC_WARN_ABOUT_RETURN_TYPE = YES_ERROR;
				GCC_WARN_UNDECLARED_SELECTOR = YES;
				GCC_WARN_UNINITIALIZED_AUTOS = YES_AGGRESSIVE;
				GCC_WARN_UNUSED_FUNCTION = YES;
				GCC_WARN_UNUSED_VARIABLE = YES;
				IPHONEOS_DEPLOYMENT_TARGET = 18.2;
				LOCALIZATION_PREFERS_STRING_CATALOGS = YES;
				MTL_ENABLE_DEBUG_INFO = NO;
				MTL_FAST_MATH = YES;
				SDKROOT = iphoneos;
				SWIFT_COMPILATION_MODE = wholemodule;
				VALIDATE_PRODUCT = YES;
			};
			name = Release;
		};
		791494D82D5168C20058AF27 /* Debug */ = {
			isa = XCBuildConfiguration;
			buildSettings = {
				BUNDLE_LOADER = "$(TEST_HOST)";
				CODE_SIGN_STYLE = Automatic;
				CURRENT_PROJECT_VERSION = 1;
				GENERATE_INFOPLIST_FILE = YES;
				IPHONEOS_DEPLOYMENT_TARGET = 18.2;
				MARKETING_VERSION = 1.0;
				PRODUCT_BUNDLE_IDENTIFIER = wos.wevebeenherebeforeTests;
				PRODUCT_NAME = "$(TARGET_NAME)";
				SWIFT_EMIT_LOC_STRINGS = NO;
				SWIFT_VERSION = 5.0;
				TARGETED_DEVICE_FAMILY = "1,2";
				TEST_HOST = "$(BUILT_PRODUCTS_DIR)/wevebeenherebefore.app/$(BUNDLE_EXECUTABLE_FOLDER_PATH)/wevebeenherebefore";
			};
			name = Debug;
		};
		791494D92D5168C20058AF27 /* Release */ = {
			isa = XCBuildConfiguration;
			buildSettings = {
				BUNDLE_LOADER = "$(TEST_HOST)";
				CODE_SIGN_STYLE = Automatic;
				CURRENT_PROJECT_VERSION = 1;
				GENERATE_INFOPLIST_FILE = YES;
				IPHONEOS_DEPLOYMENT_TARGET = 18.2;
				MARKETING_VERSION = 1.0;
				PRODUCT_BUNDLE_IDENTIFIER = wos.wevebeenherebeforeTests;
				PRODUCT_NAME = "$(TARGET_NAME)";
				SWIFT_EMIT_LOC_STRINGS = NO;
				SWIFT_VERSION = 5.0;
				TARGETED_DEVICE_FAMILY = "1,2";
				TEST_HOST = "$(BUILT_PRODUCTS_DIR)/wevebeenherebefore.app/$(BUNDLE_EXECUTABLE_FOLDER_PATH)/wevebeenherebefore";
			};
			name = Release;
		};
		791494DB2D5168C20058AF27 /* Debug */ = {
			isa = XCBuildConfiguration;
			buildSettings = {
				CODE_SIGN_STYLE = Automatic;
				CURRENT_PROJECT_VERSION = 1;
				GENERATE_INFOPLIST_FILE = YES;
				MARKETING_VERSION = 1.0;
				PRODUCT_BUNDLE_IDENTIFIER = wos.wevebeenherebeforeUITests;
				PRODUCT_NAME = "$(TARGET_NAME)";
				SWIFT_EMIT_LOC_STRINGS = NO;
				SWIFT_VERSION = 5.0;
				TARGETED_DEVICE_FAMILY = "1,2";
				TEST_TARGET_NAME = wevebeenherebefore;
			};
			name = Debug;
		};
		791494DC2D5168C20058AF27 /* Release */ = {
			isa = XCBuildConfiguration;
			buildSettings = {
				CODE_SIGN_STYLE = Automatic;
				CURRENT_PROJECT_VERSION = 1;
				GENERATE_INFOPLIST_FILE = YES;
				MARKETING_VERSION = 1.0;
				PRODUCT_BUNDLE_IDENTIFIER = wos.wevebeenherebeforeUITests;
				PRODUCT_NAME = "$(TARGET_NAME)";
				SWIFT_EMIT_LOC_STRINGS = NO;
				SWIFT_VERSION = 5.0;
				TARGETED_DEVICE_FAMILY = "1,2";
				TEST_TARGET_NAME = wevebeenherebefore;
			};
			name = Release;
		};
/* End XCBuildConfiguration section */

/* Begin XCConfigurationList section */
		791494A62D5168C10058AF27 /* Build configuration list for PBXProject "wevebeenherebefore" */ = {
			isa = XCConfigurationList;
			buildConfigurations = (
				791494D52D5168C20058AF27 /* Debug */,
				791494D62D5168C20058AF27 /* Release */,
			);
			defaultConfigurationIsVisible = 0;
			defaultConfigurationName = Release;
		};
		791494D22D5168C20058AF27 /* Build configuration list for PBXNativeTarget "wevebeenherebefore" */ = {
			isa = XCConfigurationList;
			buildConfigurations = (
				791494D32D5168C20058AF27 /* Debug */,
				791494D42D5168C20058AF27 /* Release */,
			);
			defaultConfigurationIsVisible = 0;
			defaultConfigurationName = Release;
		};
		791494D72D5168C20058AF27 /* Build configuration list for PBXNativeTarget "wevebeenherebeforeTests" */ = {
			isa = XCConfigurationList;
			buildConfigurations = (
				791494D82D5168C20058AF27 /* Debug */,
				791494D92D5168C20058AF27 /* Release */,
			);
			defaultConfigurationIsVisible = 0;
			defaultConfigurationName = Release;
		};
		791494DA2D5168C20058AF27 /* Build configuration list for PBXNativeTarget "wevebeenherebeforeUITests" */ = {
			isa = XCConfigurationList;
			buildConfigurations = (
				791494DB2D5168C20058AF27 /* Debug */,
				791494DC2D5168C20058AF27 /* Release */,
			);
			defaultConfigurationIsVisible = 0;
			defaultConfigurationName = Release;
		};
/* End XCConfigurationList section */
	};
	rootObject = 791494A32D5168C10058AF27 /* Project object */;
}
